
Microsoft Visual Studio Solution File, Format Version 12.00
# Visual Studio Version 16
VisualStudioVersion = 16.0.29009.5
MinimumVisualStudioVersion = 10.0.40219.1
Project("{8BC9CEB8-8B4A-11D0-8D11-00A0C91BC942}") = "Pri++", "Pri++.vcxproj", "{38E3A60B-6587-48FB-93D3-7F16EDD1EE91}"
EndProject
Global
	GlobalSection(SolutionConfigurationPlatforms) = preSolution
		Debug|x64 = Debug|x64
		Debug|x86 = Debug|x86
		Release|x64 = Release|x64
		Release|x86 = Release|x86
	EndGlobalSection
	GlobalSection(ProjectConfigurationPlatforms) = postSolution
		{38E3A60B-6587-48FB-93D3-7F16EDD1EE91}.Debug|x64.ActiveCfg = Debug|x64
		{38E3A60B-6587-48FB-93D3-7F16EDD1EE91}.Debug|x64.Build.0 = Debug|x64
		{38E3A60B-6587-48FB-93D3-7F16EDD1EE91}.Debug|x86.ActiveCfg = Debug|Win32
		{38E3A60B-6587-48FB-93D3-7F16EDD1EE91}.Debug|x86.Build.0 = Debug|Win32
		{38E3A60B-6587-48FB-93D3-7F16EDD1EE91}.Release|x64.ActiveCfg = Release|x64
		{38E3A60B-6587-48FB-93D3-7F16EDD1EE91}.Release|x64.Build.0 = Release|x64
		{38E3A60B-6587-48FB-93D3-7F16EDD1EE91}.Release|x86.ActiveCfg = Release|Win32
		{38E3A60B-6587-48FB-93D3-7F16EDD1EE91}.Release|x86.Build.0 = Release|Win32
	EndGlobalSection
	GlobalSection(SolutionProperties) = preSolution
		HideSolutionNode = FALSE
	EndGlobalSection
	GlobalSection(ExtensibilityGlobals) = postSolution
		SolutionGuid = {FFC6F885-75DF-4DD5-B54C-68AA020601F0}
	EndGlobalSection
EndGlobal
